
Microsoft Visual Studio Solution File, Format Version 12.00
# Visual Studio 15
VisualStudioVersion = 15.0.26124.0
MinimumVisualStudioVersion = 15.0.26124.0
Project("{9A19103F-16F7-4668-BE54-9A1E7A4F7556}") = "R5T.Pictia.Frisia.Standard.Construction", "R5T.Pictia.Frisia.Standard.Construction\R5T.Pictia.Frisia.Standard.Construction.csproj", "{6438C8A5-CF3A-49B0-B650-D531D4B1D1F3}"
EndProject
Project("{9A19103F-16F7-4668-BE54-9A1E7A4F7556}") = "R5T.Pictia.Frisia.Standard", "R5T.Pictia.Frisia.Standard\R5T.Pictia.Frisia.Standard.csproj", "{2B5B1D16-2286-472C-8422-685AF9649E7D}"
EndProject
Project("{9A19103F-16F7-4668-BE54-9A1E7A4F7556}") = "R5T.Pictia.Frisia.Standard.Testing", "R5T.Pictia.Frisia.Standard.Testing\R5T.Pictia.Frisia.Standard.Testing.csproj", "{D82FFF47-3DAE-4A19-867D-67DC24219136}"
EndProject
Project("{2150E333-8FDC-42A3-9474-1A3956D46DE8}") = "_Dependencies", "_Dependencies", "{F65AC017-411B-4122-A109-A04E1D44DA9E}"
EndProject
Project("{9A19103F-16F7-4668-BE54-9A1E7A4F7556}") = "R5T.Pictia.Frisia", "..\..\R5T.Pictia.Frisia\source\R5T.Pictia.Frisia\R5T.Pictia.Frisia.csproj", "{EC24DAF0-CCD6-4C7B-8ABC-86D4B2EEDDE5}"
EndProject
Project("{9A19103F-16F7-4668-BE54-9A1E7A4F7556}") = "R5T.Dacia.Extensions", "..\..\R5T.Dacia.Extensions\source\R5T.Dacia.Extensions\R5T.Dacia.Extensions.csproj", "{762048E9-4727-4AC3-83CD-92D34F8FF982}"
EndProject
Project("{9A19103F-16F7-4668-BE54-9A1E7A4F7556}") = "R5T.Dacia", "..\..\R5T.Dacia\source\R5T.Dacia\R5T.Dacia.csproj", "{3C0DE563-9D33-491E-8324-3999F07B3377}"
EndProject
Project("{9A19103F-16F7-4668-BE54-9A1E7A4F7556}") = "R5T.Frisia.Base", "..\..\R5T.Frisia.Base\source\R5T.Frisia.Base\R5T.Frisia.Base.csproj", "{FC4794A0-9C43-46BC-8F15-1C61512617FA}"
EndProject
Project("{9A19103F-16F7-4668-BE54-9A1E7A4F7556}") = "R5T.Pictia.Base", "..\..\R5T.Pictia.Base\source\R5T.Pictia.Base\R5T.Pictia.Base.csproj", "{75EF1A52-4B30-404F-A2A1-AFC63048499F}"
EndProject
Project("{9A19103F-16F7-4668-BE54-9A1E7A4F7556}") = "R5T.Pictia", "..\..\R5T.Pictia\source\R5T.Pictia\R5T.Pictia.csproj", "{CB92ED53-B6E5-464C-8C7E-AD687480A118}"
EndProject
Project("{9A19103F-16F7-4668-BE54-9A1E7A4F7556}") = "R5T.Magyar", "..\..\R5T.Magyar\source\R5T.Magyar\R5T.Magyar.csproj", "{6F473B06-C090-4388-8D43-4E9855046483}"
EndProject
Project("{9A19103F-16F7-4668-BE54-9A1E7A4F7556}") = "R5T.Frisia.Standard", "..\..\R5T.Frisia.Standard\source\R5T.Frisia.Standard\R5T.Frisia.Standard.csproj", "{0DDD3864-66F6-407E-8A31-A116C8BF489B}"
EndProject
Project("{9A19103F-16F7-4668-BE54-9A1E7A4F7556}") = "R5T.Frisia.Suebia", "..\..\R5T.Frisia.Suebia\source\R5T.Frisia.Suebia\R5T.Frisia.Suebia.csproj", "{3984A3A0-060A-453F-9072-3E32FF30F030}"
EndProject
Project("{9A19103F-16F7-4668-BE54-9A1E7A4F7556}") = "R5T.Jutland.Base", "..\..\R5T.Jutland.Base\source\R5T.Jutland.Base\R5T.Jutland.Base.csproj", "{E418A9DB-809F-4B14-A3B4-89BD4D94A92E}"
EndProject
Project("{9A19103F-16F7-4668-BE54-9A1E7A4F7556}") = "R5T.Suebia.Base", "..\..\R5T.Suebia.Base\source\R5T.Suebia.Base\R5T.Suebia.Base.csproj", "{D6FD2D02-5007-4C93-ADEC-A611D912F4B3}"
EndProject
Project("{9A19103F-16F7-4668-BE54-9A1E7A4F7556}") = "R5T.Jutland.Standard", "..\..\R5T.Jutland.Standard\source\R5T.Jutland.Standard\R5T.Jutland.Standard.csproj", "{1CBD4BEE-12C9-4818-BA8D-F128E4EDDC9E}"
EndProject
Project("{9A19103F-16F7-4668-BE54-9A1E7A4F7556}") = "R5T.Jutland.Newtonsoft", "..\..\R5T.Jutland.Newtonsoft\source\R5T.Jutland.Newtonsoft\R5T.Jutland.Newtonsoft.csproj", "{4736BD74-4F05-45CB-B055-A8C34A250138}"
EndProject
Project("{9A19103F-16F7-4668-BE54-9A1E7A4F7556}") = "R5T.Newport", "..\..\R5T.Newport\source\R5T.Newport\R5T.Newport.csproj", "{B36C8D8E-47B3-4BC5-8278-E0467F98FF82}"
EndProject
Project("{9A19103F-16F7-4668-BE54-9A1E7A4F7556}") = "R5T.Suebia.Standard", "..\..\R5T.Suebia.Standard\source\R5T.Suebia.Standard\R5T.Suebia.Standard.csproj", "{3111EF9D-FC31-40A8-ADB8-3ACD63978216}"
EndProject
Project("{9A19103F-16F7-4668-BE54-9A1E7A4F7556}") = "R5T.Alamania.Standard", "..\..\R5T.Alamania.Standard\source\R5T.Alamania.Standard\R5T.Alamania.Standard.csproj", "{D6B9798A-291C-4957-AEC0-E9F83D0CFE8C}"
EndProject
Project("{9A19103F-16F7-4668-BE54-9A1E7A4F7556}") = "R5T.Alamania.Bulgaria", "..\..\R5T.Alamania.Bulgaria\source\R5T.Alamania.Bulgaria\R5T.Alamania.Bulgaria.csproj", "{699A2A46-96A4-4460-A8D9-2D4EFC89B239}"
EndProject
Project("{9A19103F-16F7-4668-BE54-9A1E7A4F7556}") = "R5T.Alamania.Base", "..\..\R5T.Alamania.Base\source\R5T.Alamania.Base\R5T.Alamania.Base.csproj", "{D091DEF4-2D81-45CF-879E-79718DA66DF2}"
EndProject
Project("{9A19103F-16F7-4668-BE54-9A1E7A4F7556}") = "R5T.Bulgaria.Base", "..\..\R5T.Bulgaria.Base\source\R5T.Bulgaria.Base\R5T.Bulgaria.Base.csproj", "{0BA45E66-E83F-4861-88C3-DB32F5904E87}"
EndProject
Project("{9A19103F-16F7-4668-BE54-9A1E7A4F7556}") = "R5T.Costobocia.Base", "..\..\R5T.Costobocia.Base\source\R5T.Costobocia.Base\R5T.Costobocia.Base.csproj", "{830E0CF4-C322-448B-A33C-C41195F24A02}"
EndProject
Project("{9A19103F-16F7-4668-BE54-9A1E7A4F7556}") = "R5T.Ostrogothia", "..\..\R5T.Ostrogothia\source\R5T.Ostrogothia\R5T.Ostrogothia.csproj", "{4866980E-1C95-4A87-B26F-1E1DDBF3FE96}"
EndProject
Project("{9A19103F-16F7-4668-BE54-9A1E7A4F7556}") = "R5T.Ostrogothia.Rivet", "..\..\R5T.Ostrogothia.Rivet\source\R5T.Ostrogothia.Rivet\R5T.Ostrogothia.Rivet.csproj", "{E535DCEE-0AB0-4AAF-808E-43ED7BEC6C24}"
EndProject
Project("{9A19103F-16F7-4668-BE54-9A1E7A4F7556}") = "R5T.Bulgaria.UserProfileDirectory", "..\..\R5T.Bulgaria.UserProfileDirectory\source\R5T.Bulgaria.UserProfileDirectory\R5T.Bulgaria.UserProfileDirectory.csproj", "{291AFBA7-3795-49A5-BE7A-CB7C3B004CDF}"
EndProject
Project("{9A19103F-16F7-4668-BE54-9A1E7A4F7556}") = "R5T.Bulgaria.Visigothia", "..\..\R5T.Bulgaria.Visigothia\source\R5T.Bulgaria.Visigothia\R5T.Bulgaria.Visigothia.csproj", "{58C23139-E7C3-4A81-A69A-0F77C45A56A9}"
EndProject
Project("{9A19103F-16F7-4668-BE54-9A1E7A4F7556}") = "R5T.Lombardy.Base", "..\..\R5T.Lombardy.Base\source\R5T.Lombardy.Base\R5T.Lombardy.Base.csproj", "{52C45902-514A-47BF-AC0A-BD7FCED54C5E}"
EndProject
Project("{9A19103F-16F7-4668-BE54-9A1E7A4F7556}") = "R5T.Peristeria.Base", "..\..\R5T.Peristeria.Base\source\R5T.Peristeria.Base\R5T.Peristeria.Base.csproj", "{661A0ACF-926C-4700-8060-A5EE40FC3515}"
EndProject
Project("{9A19103F-16F7-4668-BE54-9A1E7A4F7556}") = "R5T.Visigothia.Base", "..\..\R5T.Visigothia.Base\source\R5T.Visigothia.Base\R5T.Visigothia.Base.csproj", "{AE9BBE87-9944-4EC1-8196-93241B0B4775}"
EndProject
Project("{9A19103F-16F7-4668-BE54-9A1E7A4F7556}") = "R5T.Lombardy.Standard", "..\..\R5T.Lombardy.Standard\source\R5T.Lombardy.Standard\R5T.Lombardy.Standard.csproj", "{F136233F-DD27-4F54-9035-98081AE699F9}"
EndProject
Project("{9A19103F-16F7-4668-BE54-9A1E7A4F7556}") = "R5T.Lombardy", "..\..\R5T.Lombardy\source\R5T.Lombardy\R5T.Lombardy.csproj", "{6A9FB99B-2454-498D-9C48-7D5F5071B1E6}"
EndProject
Project("{9A19103F-16F7-4668-BE54-9A1E7A4F7556}") = "R5T.Cherusci", "..\..\R5T.Cherusci\source\R5T.Cherusci\R5T.Cherusci.csproj", "{F9E0EB51-458F-4B63-9998-CA61BCFFABCB}"
EndProject
Project("{9A19103F-16F7-4668-BE54-9A1E7A4F7556}") = "R5T.Rugia", "..\..\R5T.Rugia\source\R5T.Rugia\R5T.Rugia.csproj", "{2F4D490B-256D-4731-B8BF-9817DD9937DA}"
EndProject
Project("{9A19103F-16F7-4668-BE54-9A1E7A4F7556}") = "R5T.Rugia.Base", "..\..\R5T.Rugia.Base\source\R5T.Rugia.Base\R5T.Rugia.Base.csproj", "{26BBF342-5A4D-4321-8023-7883ADEDE977}"
EndProject
Project("{9A19103F-16F7-4668-BE54-9A1E7A4F7556}") = "R5T.Peristeria.Standard", "..\..\R5T.Peristeria.Standard\source\R5T.Peristeria.Standard\R5T.Peristeria.Standard.csproj", "{5E44EF5E-9644-4447-AE47-1EFA8D42B693}"
EndProject
Project("{9A19103F-16F7-4668-BE54-9A1E7A4F7556}") = "R5T.Peristeria.Default", "..\..\R5T.Peristeria.Default\source\R5T.Peristeria.Default\R5T.Peristeria.Default.csproj", "{4EB67482-13F3-4F79-B234-F779C1EE0A93}"
EndProject
Project("{9A19103F-16F7-4668-BE54-9A1E7A4F7556}") = "R5T.Visigothia.Standard", "..\..\R5T.Visigothia.Standard\source\R5T.Visigothia.Standard\R5T.Visigothia.Standard.csproj", "{F9714FFA-B98D-4C50-94D8-540139652E0B}"
EndProject
Project("{9A19103F-16F7-4668-BE54-9A1E7A4F7556}") = "R5T.Visigothia.Local.Standard", "..\..\R5T.Visigothia.Local.Standard\source\R5T.Visigothia.Local.Standard\R5T.Visigothia.Local.Standard.csproj", "{0BFFF881-A4C0-4FED-B3AB-8BF40F9D9C4F}"
EndProject
Project("{9A19103F-16F7-4668-BE54-9A1E7A4F7556}") = "R5T.Visigothia.Local.Default", "..\..\R5T.Visigothia.Local.Default\source\R5T.Visigothia.Local.Default\R5T.Visigothia.Local.Default.csproj", "{7FCAE817-F607-420D-9B84-8936717D5698}"
EndProject
Project("{9A19103F-16F7-4668-BE54-9A1E7A4F7556}") = "R5T.Costobocia.Standard", "..\..\R5T.Costobocia.Standard\source\R5T.Costobocia.Standard\R5T.Costobocia.Standard.csproj", "{97BA0CCA-2E09-4473-B51F-87D82E62C1C3}"
EndProject
Project("{9A19103F-16F7-4668-BE54-9A1E7A4F7556}") = "R5T.Costobocia.Default", "..\..\R5T.Costobocia.Default\source\R5T.Costobocia.Default\R5T.Costobocia.Default.csproj", "{89D3DF3A-25C7-4179-ABCE-7089DD400E5D}"
EndProject
Project("{9A19103F-16F7-4668-BE54-9A1E7A4F7556}") = "R5T.Suebia.Alamania", "..\..\R5T.Suebia.Alamania\source\R5T.Suebia.Alamania\R5T.Suebia.Alamania.csproj", "{0F43387E-B056-430F-8020-118EF1F725C2}"
EndProject
Project("{9A19103F-16F7-4668-BE54-9A1E7A4F7556}") = "R5T.Suebia.Default", "..\..\R5T.Suebia.Default\source\R5T.Suebia.Default\R5T.Suebia.Default.csproj", "{2944BA36-397E-4C47-9EDD-36985609FBD7}"
EndProject
Global
	GlobalSection(SolutionConfigurationPlatforms) = preSolution
		Debug|Any CPU = Debug|Any CPU
		Debug|x64 = Debug|x64
		Debug|x86 = Debug|x86
		Release|Any CPU = Release|Any CPU
		Release|x64 = Release|x64
		Release|x86 = Release|x86
	EndGlobalSection
	GlobalSection(ProjectConfigurationPlatforms) = postSolution
		{6438C8A5-CF3A-49B0-B650-D531D4B1D1F3}.Debug|Any CPU.ActiveCfg = Debug|Any CPU
		{6438C8A5-CF3A-49B0-B650-D531D4B1D1F3}.Debug|Any CPU.Build.0 = Debug|Any CPU
		{6438C8A5-CF3A-49B0-B650-D531D4B1D1F3}.Debug|x64.ActiveCfg = Debug|Any CPU
		{6438C8A5-CF3A-49B0-B650-D531D4B1D1F3}.Debug|x64.Build.0 = Debug|Any CPU
		{6438C8A5-CF3A-49B0-B650-D531D4B1D1F3}.Debug|x86.ActiveCfg = Debug|Any CPU
		{6438C8A5-CF3A-49B0-B650-D531D4B1D1F3}.Debug|x86.Build.0 = Debug|Any CPU
		{6438C8A5-CF3A-49B0-B650-D531D4B1D1F3}.Release|Any CPU.ActiveCfg = Release|Any CPU
		{6438C8A5-CF3A-49B0-B650-D531D4B1D1F3}.Release|Any CPU.Build.0 = Release|Any CPU
		{6438C8A5-CF3A-49B0-B650-D531D4B1D1F3}.Release|x64.ActiveCfg = Release|Any CPU
		{6438C8A5-CF3A-49B0-B650-D531D4B1D1F3}.Release|x64.Build.0 = Release|Any CPU
		{6438C8A5-CF3A-49B0-B650-D531D4B1D1F3}.Release|x86.ActiveCfg = Release|Any CPU
		{6438C8A5-CF3A-49B0-B650-D531D4B1D1F3}.Release|x86.Build.0 = Release|Any CPU
		{2B5B1D16-2286-472C-8422-685AF9649E7D}.Debug|Any CPU.ActiveCfg = Debug|Any CPU
		{2B5B1D16-2286-472C-8422-685AF9649E7D}.Debug|Any CPU.Build.0 = Debug|Any CPU
		{2B5B1D16-2286-472C-8422-685AF9649E7D}.Debug|x64.ActiveCfg = Debug|Any CPU
		{2B5B1D16-2286-472C-8422-685AF9649E7D}.Debug|x64.Build.0 = Debug|Any CPU
		{2B5B1D16-2286-472C-8422-685AF9649E7D}.Debug|x86.ActiveCfg = Debug|Any CPU
		{2B5B1D16-2286-472C-8422-685AF9649E7D}.Debug|x86.Build.0 = Debug|Any CPU
		{2B5B1D16-2286-472C-8422-685AF9649E7D}.Release|Any CPU.ActiveCfg = Release|Any CPU
		{2B5B1D16-2286-472C-8422-685AF9649E7D}.Release|Any CPU.Build.0 = Release|Any CPU
		{2B5B1D16-2286-472C-8422-685AF9649E7D}.Release|x64.ActiveCfg = Release|Any CPU
		{2B5B1D16-2286-472C-8422-685AF9649E7D}.Release|x64.Build.0 = Release|Any CPU
		{2B5B1D16-2286-472C-8422-685AF9649E7D}.Release|x86.ActiveCfg = Release|Any CPU
		{2B5B1D16-2286-472C-8422-685AF9649E7D}.Release|x86.Build.0 = Release|Any CPU
		{D82FFF47-3DAE-4A19-867D-67DC24219136}.Debug|Any CPU.ActiveCfg = Debug|Any CPU
		{D82FFF47-3DAE-4A19-867D-67DC24219136}.Debug|Any CPU.Build.0 = Debug|Any CPU
		{D82FFF47-3DAE-4A19-867D-67DC24219136}.Debug|x64.ActiveCfg = Debug|Any CPU
		{D82FFF47-3DAE-4A19-867D-67DC24219136}.Debug|x64.Build.0 = Debug|Any CPU
		{D82FFF47-3DAE-4A19-867D-67DC24219136}.Debug|x86.ActiveCfg = Debug|Any CPU
		{D82FFF47-3DAE-4A19-867D-67DC24219136}.Debug|x86.Build.0 = Debug|Any CPU
		{D82FFF47-3DAE-4A19-867D-67DC24219136}.Release|Any CPU.ActiveCfg = Release|Any CPU
		{D82FFF47-3DAE-4A19-867D-67DC24219136}.Release|Any CPU.Build.0 = Release|Any CPU
		{D82FFF47-3DAE-4A19-867D-67DC24219136}.Release|x64.ActiveCfg = Release|Any CPU
		{D82FFF47-3DAE-4A19-867D-67DC24219136}.Release|x64.Build.0 = Release|Any CPU
		{D82FFF47-3DAE-4A19-867D-67DC24219136}.Release|x86.ActiveCfg = Release|Any CPU
		{D82FFF47-3DAE-4A19-867D-67DC24219136}.Release|x86.Build.0 = Release|Any CPU
		{EC24DAF0-CCD6-4C7B-8ABC-86D4B2EEDDE5}.Debug|Any CPU.ActiveCfg = Debug|Any CPU
		{EC24DAF0-CCD6-4C7B-8ABC-86D4B2EEDDE5}.Debug|Any CPU.Build.0 = Debug|Any CPU
		{EC24DAF0-CCD6-4C7B-8ABC-86D4B2EEDDE5}.Debug|x64.ActiveCfg = Debug|Any CPU
		{EC24DAF0-CCD6-4C7B-8ABC-86D4B2EEDDE5}.Debug|x64.Build.0 = Debug|Any CPU
		{EC24DAF0-CCD6-4C7B-8ABC-86D4B2EEDDE5}.Debug|x86.ActiveCfg = Debug|Any CPU
		{EC24DAF0-CCD6-4C7B-8ABC-86D4B2EEDDE5}.Debug|x86.Build.0 = Debug|Any CPU
		{EC24DAF0-CCD6-4C7B-8ABC-86D4B2EEDDE5}.Release|Any CPU.ActiveCfg = Release|Any CPU
		{EC24DAF0-CCD6-4C7B-8ABC-86D4B2EEDDE5}.Release|Any CPU.Build.0 = Release|Any CPU
		{EC24DAF0-CCD6-4C7B-8ABC-86D4B2EEDDE5}.Release|x64.ActiveCfg = Release|Any CPU
		{EC24DAF0-CCD6-4C7B-8ABC-86D4B2EEDDE5}.Release|x64.Build.0 = Release|Any CPU
		{EC24DAF0-CCD6-4C7B-8ABC-86D4B2EEDDE5}.Release|x86.ActiveCfg = Release|Any CPU
		{EC24DAF0-CCD6-4C7B-8ABC-86D4B2EEDDE5}.Release|x86.Build.0 = Release|Any CPU
		{762048E9-4727-4AC3-83CD-92D34F8FF982}.Debug|Any CPU.ActiveCfg = Debug|Any CPU
		{762048E9-4727-4AC3-83CD-92D34F8FF982}.Debug|Any CPU.Build.0 = Debug|Any CPU
		{762048E9-4727-4AC3-83CD-92D34F8FF982}.Debug|x64.ActiveCfg = Debug|Any CPU
		{762048E9-4727-4AC3-83CD-92D34F8FF982}.Debug|x64.Build.0 = Debug|Any CPU
		{762048E9-4727-4AC3-83CD-92D34F8FF982}.Debug|x86.ActiveCfg = Debug|Any CPU
		{762048E9-4727-4AC3-83CD-92D34F8FF982}.Debug|x86.Build.0 = Debug|Any CPU
		{762048E9-4727-4AC3-83CD-92D34F8FF982}.Release|Any CPU.ActiveCfg = Release|Any CPU
		{762048E9-4727-4AC3-83CD-92D34F8FF982}.Release|Any CPU.Build.0 = Release|Any CPU
		{762048E9-4727-4AC3-83CD-92D34F8FF982}.Release|x64.ActiveCfg = Release|Any CPU
		{762048E9-4727-4AC3-83CD-92D34F8FF982}.Release|x64.Build.0 = Release|Any CPU
		{762048E9-4727-4AC3-83CD-92D34F8FF982}.Release|x86.ActiveCfg = Release|Any CPU
		{762048E9-4727-4AC3-83CD-92D34F8FF982}.Release|x86.Build.0 = Release|Any CPU
		{3C0DE563-9D33-491E-8324-3999F07B3377}.Debug|Any CPU.ActiveCfg = Debug|Any CPU
		{3C0DE563-9D33-491E-8324-3999F07B3377}.Debug|Any CPU.Build.0 = Debug|Any CPU
		{3C0DE563-9D33-491E-8324-3999F07B3377}.Debug|x64.ActiveCfg = Debug|Any CPU
		{3C0DE563-9D33-491E-8324-3999F07B3377}.Debug|x64.Build.0 = Debug|Any CPU
		{3C0DE563-9D33-491E-8324-3999F07B3377}.Debug|x86.ActiveCfg = Debug|Any CPU
		{3C0DE563-9D33-491E-8324-3999F07B3377}.Debug|x86.Build.0 = Debug|Any CPU
		{3C0DE563-9D33-491E-8324-3999F07B3377}.Release|Any CPU.ActiveCfg = Release|Any CPU
		{3C0DE563-9D33-491E-8324-3999F07B3377}.Release|Any CPU.Build.0 = Release|Any CPU
		{3C0DE563-9D33-491E-8324-3999F07B3377}.Release|x64.ActiveCfg = Release|Any CPU
		{3C0DE563-9D33-491E-8324-3999F07B3377}.Release|x64.Build.0 = Release|Any CPU
		{3C0DE563-9D33-491E-8324-3999F07B3377}.Release|x86.ActiveCfg = Release|Any CPU
		{3C0DE563-9D33-491E-8324-3999F07B3377}.Release|x86.Build.0 = Release|Any CPU
		{FC4794A0-9C43-46BC-8F15-1C61512617FA}.Debug|Any CPU.ActiveCfg = Debug|Any CPU
		{FC4794A0-9C43-46BC-8F15-1C61512617FA}.Debug|Any CPU.Build.0 = Debug|Any CPU
		{FC4794A0-9C43-46BC-8F15-1C61512617FA}.Debug|x64.ActiveCfg = Debug|Any CPU
		{FC4794A0-9C43-46BC-8F15-1C61512617FA}.Debug|x64.Build.0 = Debug|Any CPU
		{FC4794A0-9C43-46BC-8F15-1C61512617FA}.Debug|x86.ActiveCfg = Debug|Any CPU
		{FC4794A0-9C43-46BC-8F15-1C61512617FA}.Debug|x86.Build.0 = Debug|Any CPU
		{FC4794A0-9C43-46BC-8F15-1C61512617FA}.Release|Any CPU.ActiveCfg = Release|Any CPU
		{FC4794A0-9C43-46BC-8F15-1C61512617FA}.Release|Any CPU.Build.0 = Release|Any CPU
		{FC4794A0-9C43-46BC-8F15-1C61512617FA}.Release|x64.ActiveCfg = Release|Any CPU
		{FC4794A0-9C43-46BC-8F15-1C61512617FA}.Release|x64.Build.0 = Release|Any CPU
		{FC4794A0-9C43-46BC-8F15-1C61512617FA}.Release|x86.ActiveCfg = Release|Any CPU
		{FC4794A0-9C43-46BC-8F15-1C61512617FA}.Release|x86.Build.0 = Release|Any CPU
		{75EF1A52-4B30-404F-A2A1-AFC63048499F}.Debug|Any CPU.ActiveCfg = Debug|Any CPU
		{75EF1A52-4B30-404F-A2A1-AFC63048499F}.Debug|Any CPU.Build.0 = Debug|Any CPU
		{75EF1A52-4B30-404F-A2A1-AFC63048499F}.Debug|x64.ActiveCfg = Debug|Any CPU
		{75EF1A52-4B30-404F-A2A1-AFC63048499F}.Debug|x64.Build.0 = Debug|Any CPU
		{75EF1A52-4B30-404F-A2A1-AFC63048499F}.Debug|x86.ActiveCfg = Debug|Any CPU
		{75EF1A52-4B30-404F-A2A1-AFC63048499F}.Debug|x86.Build.0 = Debug|Any CPU
		{75EF1A52-4B30-404F-A2A1-AFC63048499F}.Release|Any CPU.ActiveCfg = Release|Any CPU
		{75EF1A52-4B30-404F-A2A1-AFC63048499F}.Release|Any CPU.Build.0 = Release|Any CPU
		{75EF1A52-4B30-404F-A2A1-AFC63048499F}.Release|x64.ActiveCfg = Release|Any CPU
		{75EF1A52-4B30-404F-A2A1-AFC63048499F}.Release|x64.Build.0 = Release|Any CPU
		{75EF1A52-4B30-404F-A2A1-AFC63048499F}.Release|x86.ActiveCfg = Release|Any CPU
		{75EF1A52-4B30-404F-A2A1-AFC63048499F}.Release|x86.Build.0 = Release|Any CPU
		{CB92ED53-B6E5-464C-8C7E-AD687480A118}.Debug|Any CPU.ActiveCfg = Debug|Any CPU
		{CB92ED53-B6E5-464C-8C7E-AD687480A118}.Debug|Any CPU.Build.0 = Debug|Any CPU
		{CB92ED53-B6E5-464C-8C7E-AD687480A118}.Debug|x64.ActiveCfg = Debug|Any CPU
		{CB92ED53-B6E5-464C-8C7E-AD687480A118}.Debug|x64.Build.0 = Debug|Any CPU
		{CB92ED53-B6E5-464C-8C7E-AD687480A118}.Debug|x86.ActiveCfg = Debug|Any CPU
		{CB92ED53-B6E5-464C-8C7E-AD687480A118}.Debug|x86.Build.0 = Debug|Any CPU
		{CB92ED53-B6E5-464C-8C7E-AD687480A118}.Release|Any CPU.ActiveCfg = Release|Any CPU
		{CB92ED53-B6E5-464C-8C7E-AD687480A118}.Release|Any CPU.Build.0 = Release|Any CPU
		{CB92ED53-B6E5-464C-8C7E-AD687480A118}.Release|x64.ActiveCfg = Release|Any CPU
		{CB92ED53-B6E5-464C-8C7E-AD687480A118}.Release|x64.Build.0 = Release|Any CPU
		{CB92ED53-B6E5-464C-8C7E-AD687480A118}.Release|x86.ActiveCfg = Release|Any CPU
		{CB92ED53-B6E5-464C-8C7E-AD687480A118}.Release|x86.Build.0 = Release|Any CPU
		{6F473B06-C090-4388-8D43-4E9855046483}.Debug|Any CPU.ActiveCfg = Debug|Any CPU
		{6F473B06-C090-4388-8D43-4E9855046483}.Debug|Any CPU.Build.0 = Debug|Any CPU
		{6F473B06-C090-4388-8D43-4E9855046483}.Debug|x64.ActiveCfg = Debug|Any CPU
		{6F473B06-C090-4388-8D43-4E9855046483}.Debug|x64.Build.0 = Debug|Any CPU
		{6F473B06-C090-4388-8D43-4E9855046483}.Debug|x86.ActiveCfg = Debug|Any CPU
		{6F473B06-C090-4388-8D43-4E9855046483}.Debug|x86.Build.0 = Debug|Any CPU
		{6F473B06-C090-4388-8D43-4E9855046483}.Release|Any CPU.ActiveCfg = Release|Any CPU
		{6F473B06-C090-4388-8D43-4E9855046483}.Release|Any CPU.Build.0 = Release|Any CPU
		{6F473B06-C090-4388-8D43-4E9855046483}.Release|x64.ActiveCfg = Release|Any CPU
		{6F473B06-C090-4388-8D43-4E9855046483}.Release|x64.Build.0 = Release|Any CPU
		{6F473B06-C090-4388-8D43-4E9855046483}.Release|x86.ActiveCfg = Release|Any CPU
		{6F473B06-C090-4388-8D43-4E9855046483}.Release|x86.Build.0 = Release|Any CPU
		{0DDD3864-66F6-407E-8A31-A116C8BF489B}.Debug|Any CPU.ActiveCfg = Debug|Any CPU
		{0DDD3864-66F6-407E-8A31-A116C8BF489B}.Debug|Any CPU.Build.0 = Debug|Any CPU
		{0DDD3864-66F6-407E-8A31-A116C8BF489B}.Debug|x64.ActiveCfg = Debug|Any CPU
		{0DDD3864-66F6-407E-8A31-A116C8BF489B}.Debug|x64.Build.0 = Debug|Any CPU
		{0DDD3864-66F6-407E-8A31-A116C8BF489B}.Debug|x86.ActiveCfg = Debug|Any CPU
		{0DDD3864-66F6-407E-8A31-A116C8BF489B}.Debug|x86.Build.0 = Debug|Any CPU
		{0DDD3864-66F6-407E-8A31-A116C8BF489B}.Release|Any CPU.ActiveCfg = Release|Any CPU
		{0DDD3864-66F6-407E-8A31-A116C8BF489B}.Release|Any CPU.Build.0 = Release|Any CPU
		{0DDD3864-66F6-407E-8A31-A116C8BF489B}.Release|x64.ActiveCfg = Release|Any CPU
		{0DDD3864-66F6-407E-8A31-A116C8BF489B}.Release|x64.Build.0 = Release|Any CPU
		{0DDD3864-66F6-407E-8A31-A116C8BF489B}.Release|x86.ActiveCfg = Release|Any CPU
		{0DDD3864-66F6-407E-8A31-A116C8BF489B}.Release|x86.Build.0 = Release|Any CPU
		{3984A3A0-060A-453F-9072-3E32FF30F030}.Debug|Any CPU.ActiveCfg = Debug|Any CPU
		{3984A3A0-060A-453F-9072-3E32FF30F030}.Debug|Any CPU.Build.0 = Debug|Any CPU
		{3984A3A0-060A-453F-9072-3E32FF30F030}.Debug|x64.ActiveCfg = Debug|Any CPU
		{3984A3A0-060A-453F-9072-3E32FF30F030}.Debug|x64.Build.0 = Debug|Any CPU
		{3984A3A0-060A-453F-9072-3E32FF30F030}.Debug|x86.ActiveCfg = Debug|Any CPU
		{3984A3A0-060A-453F-9072-3E32FF30F030}.Debug|x86.Build.0 = Debug|Any CPU
		{3984A3A0-060A-453F-9072-3E32FF30F030}.Release|Any CPU.ActiveCfg = Release|Any CPU
		{3984A3A0-060A-453F-9072-3E32FF30F030}.Release|Any CPU.Build.0 = Release|Any CPU
		{3984A3A0-060A-453F-9072-3E32FF30F030}.Release|x64.ActiveCfg = Release|Any CPU
		{3984A3A0-060A-453F-9072-3E32FF30F030}.Release|x64.Build.0 = Release|Any CPU
		{3984A3A0-060A-453F-9072-3E32FF30F030}.Release|x86.ActiveCfg = Release|Any CPU
		{3984A3A0-060A-453F-9072-3E32FF30F030}.Release|x86.Build.0 = Release|Any CPU
		{E418A9DB-809F-4B14-A3B4-89BD4D94A92E}.Debug|Any CPU.ActiveCfg = Debug|Any CPU
		{E418A9DB-809F-4B14-A3B4-89BD4D94A92E}.Debug|Any CPU.Build.0 = Debug|Any CPU
		{E418A9DB-809F-4B14-A3B4-89BD4D94A92E}.Debug|x64.ActiveCfg = Debug|Any CPU
		{E418A9DB-809F-4B14-A3B4-89BD4D94A92E}.Debug|x64.Build.0 = Debug|Any CPU
		{E418A9DB-809F-4B14-A3B4-89BD4D94A92E}.Debug|x86.ActiveCfg = Debug|Any CPU
		{E418A9DB-809F-4B14-A3B4-89BD4D94A92E}.Debug|x86.Build.0 = Debug|Any CPU
		{E418A9DB-809F-4B14-A3B4-89BD4D94A92E}.Release|Any CPU.ActiveCfg = Release|Any CPU
		{E418A9DB-809F-4B14-A3B4-89BD4D94A92E}.Release|Any CPU.Build.0 = Release|Any CPU
		{E418A9DB-809F-4B14-A3B4-89BD4D94A92E}.Release|x64.ActiveCfg = Release|Any CPU
		{E418A9DB-809F-4B14-A3B4-89BD4D94A92E}.Release|x64.Build.0 = Release|Any CPU
		{E418A9DB-809F-4B14-A3B4-89BD4D94A92E}.Release|x86.ActiveCfg = Release|Any CPU
		{E418A9DB-809F-4B14-A3B4-89BD4D94A92E}.Release|x86.Build.0 = Release|Any CPU
		{D6FD2D02-5007-4C93-ADEC-A611D912F4B3}.Debug|Any CPU.ActiveCfg = Debug|Any CPU
		{D6FD2D02-5007-4C93-ADEC-A611D912F4B3}.Debug|Any CPU.Build.0 = Debug|Any CPU
		{D6FD2D02-5007-4C93-ADEC-A611D912F4B3}.Debug|x64.ActiveCfg = Debug|Any CPU
		{D6FD2D02-5007-4C93-ADEC-A611D912F4B3}.Debug|x64.Build.0 = Debug|Any CPU
		{D6FD2D02-5007-4C93-ADEC-A611D912F4B3}.Debug|x86.ActiveCfg = Debug|Any CPU
		{D6FD2D02-5007-4C93-ADEC-A611D912F4B3}.Debug|x86.Build.0 = Debug|Any CPU
		{D6FD2D02-5007-4C93-ADEC-A611D912F4B3}.Release|Any CPU.ActiveCfg = Release|Any CPU
		{D6FD2D02-5007-4C93-ADEC-A611D912F4B3}.Release|Any CPU.Build.0 = Release|Any CPU
		{D6FD2D02-5007-4C93-ADEC-A611D912F4B3}.Release|x64.ActiveCfg = Release|Any CPU
		{D6FD2D02-5007-4C93-ADEC-A611D912F4B3}.Release|x64.Build.0 = Release|Any CPU
		{D6FD2D02-5007-4C93-ADEC-A611D912F4B3}.Release|x86.ActiveCfg = Release|Any CPU
		{D6FD2D02-5007-4C93-ADEC-A611D912F4B3}.Release|x86.Build.0 = Release|Any CPU
		{1CBD4BEE-12C9-4818-BA8D-F128E4EDDC9E}.Debug|Any CPU.ActiveCfg = Debug|Any CPU
		{1CBD4BEE-12C9-4818-BA8D-F128E4EDDC9E}.Debug|Any CPU.Build.0 = Debug|Any CPU
		{1CBD4BEE-12C9-4818-BA8D-F128E4EDDC9E}.Debug|x64.ActiveCfg = Debug|Any CPU
		{1CBD4BEE-12C9-4818-BA8D-F128E4EDDC9E}.Debug|x64.Build.0 = Debug|Any CPU
		{1CBD4BEE-12C9-4818-BA8D-F128E4EDDC9E}.Debug|x86.ActiveCfg = Debug|Any CPU
		{1CBD4BEE-12C9-4818-BA8D-F128E4EDDC9E}.Debug|x86.Build.0 = Debug|Any CPU
		{1CBD4BEE-12C9-4818-BA8D-F128E4EDDC9E}.Release|Any CPU.ActiveCfg = Release|Any CPU
		{1CBD4BEE-12C9-4818-BA8D-F128E4EDDC9E}.Release|Any CPU.Build.0 = Release|Any CPU
		{1CBD4BEE-12C9-4818-BA8D-F128E4EDDC9E}.Release|x64.ActiveCfg = Release|Any CPU
		{1CBD4BEE-12C9-4818-BA8D-F128E4EDDC9E}.Release|x64.Build.0 = Release|Any CPU
		{1CBD4BEE-12C9-4818-BA8D-F128E4EDDC9E}.Release|x86.ActiveCfg = Release|Any CPU
		{1CBD4BEE-12C9-4818-BA8D-F128E4EDDC9E}.Release|x86.Build.0 = Release|Any CPU
		{4736BD74-4F05-45CB-B055-A8C34A250138}.Debug|Any CPU.ActiveCfg = Debug|Any CPU
		{4736BD74-4F05-45CB-B055-A8C34A250138}.Debug|Any CPU.Build.0 = Debug|Any CPU
		{4736BD74-4F05-45CB-B055-A8C34A250138}.Debug|x64.ActiveCfg = Debug|Any CPU
		{4736BD74-4F05-45CB-B055-A8C34A250138}.Debug|x64.Build.0 = Debug|Any CPU
		{4736BD74-4F05-45CB-B055-A8C34A250138}.Debug|x86.ActiveCfg = Debug|Any CPU
		{4736BD74-4F05-45CB-B055-A8C34A250138}.Debug|x86.Build.0 = Debug|Any CPU
		{4736BD74-4F05-45CB-B055-A8C34A250138}.Release|Any CPU.ActiveCfg = Release|Any CPU
		{4736BD74-4F05-45CB-B055-A8C34A250138}.Release|Any CPU.Build.0 = Release|Any CPU
		{4736BD74-4F05-45CB-B055-A8C34A250138}.Release|x64.ActiveCfg = Release|Any CPU
		{4736BD74-4F05-45CB-B055-A8C34A250138}.Release|x64.Build.0 = Release|Any CPU
		{4736BD74-4F05-45CB-B055-A8C34A250138}.Release|x86.ActiveCfg = Release|Any CPU
		{4736BD74-4F05-45CB-B055-A8C34A250138}.Release|x86.Build.0 = Release|Any CPU
		{B36C8D8E-47B3-4BC5-8278-E0467F98FF82}.Debug|Any CPU.ActiveCfg = Debug|Any CPU
		{B36C8D8E-47B3-4BC5-8278-E0467F98FF82}.Debug|Any CPU.Build.0 = Debug|Any CPU
		{B36C8D8E-47B3-4BC5-8278-E0467F98FF82}.Debug|x64.ActiveCfg = Debug|Any CPU
		{B36C8D8E-47B3-4BC5-8278-E0467F98FF82}.Debug|x64.Build.0 = Debug|Any CPU
		{B36C8D8E-47B3-4BC5-8278-E0467F98FF82}.Debug|x86.ActiveCfg = Debug|Any CPU
		{B36C8D8E-47B3-4BC5-8278-E0467F98FF82}.Debug|x86.Build.0 = Debug|Any CPU
		{B36C8D8E-47B3-4BC5-8278-E0467F98FF82}.Release|Any CPU.ActiveCfg = Release|Any CPU
		{B36C8D8E-47B3-4BC5-8278-E0467F98FF82}.Release|Any CPU.Build.0 = Release|Any CPU
		{B36C8D8E-47B3-4BC5-8278-E0467F98FF82}.Release|x64.ActiveCfg = Release|Any CPU
		{B36C8D8E-47B3-4BC5-8278-E0467F98FF82}.Release|x64.Build.0 = Release|Any CPU
		{B36C8D8E-47B3-4BC5-8278-E0467F98FF82}.Release|x86.ActiveCfg = Release|Any CPU
		{B36C8D8E-47B3-4BC5-8278-E0467F98FF82}.Release|x86.Build.0 = Release|Any CPU
		{3111EF9D-FC31-40A8-ADB8-3ACD63978216}.Debug|Any CPU.ActiveCfg = Debug|Any CPU
		{3111EF9D-FC31-40A8-ADB8-3ACD63978216}.Debug|Any CPU.Build.0 = Debug|Any CPU
		{3111EF9D-FC31-40A8-ADB8-3ACD63978216}.Debug|x64.ActiveCfg = Debug|Any CPU
		{3111EF9D-FC31-40A8-ADB8-3ACD63978216}.Debug|x64.Build.0 = Debug|Any CPU
		{3111EF9D-FC31-40A8-ADB8-3ACD63978216}.Debug|x86.ActiveCfg = Debug|Any CPU
		{3111EF9D-FC31-40A8-ADB8-3ACD63978216}.Debug|x86.Build.0 = Debug|Any CPU
		{3111EF9D-FC31-40A8-ADB8-3ACD63978216}.Release|Any CPU.ActiveCfg = Release|Any CPU
		{3111EF9D-FC31-40A8-ADB8-3ACD63978216}.Release|Any CPU.Build.0 = Release|Any CPU
		{3111EF9D-FC31-40A8-ADB8-3ACD63978216}.Release|x64.ActiveCfg = Release|Any CPU
		{3111EF9D-FC31-40A8-ADB8-3ACD63978216}.Release|x64.Build.0 = Release|Any CPU
		{3111EF9D-FC31-40A8-ADB8-3ACD63978216}.Release|x86.ActiveCfg = Release|Any CPU
		{3111EF9D-FC31-40A8-ADB8-3ACD63978216}.Release|x86.Build.0 = Release|Any CPU
		{D6B9798A-291C-4957-AEC0-E9F83D0CFE8C}.Debug|Any CPU.ActiveCfg = Debug|Any CPU
		{D6B9798A-291C-4957-AEC0-E9F83D0CFE8C}.Debug|Any CPU.Build.0 = Debug|Any CPU
		{D6B9798A-291C-4957-AEC0-E9F83D0CFE8C}.Debug|x64.ActiveCfg = Debug|Any CPU
		{D6B9798A-291C-4957-AEC0-E9F83D0CFE8C}.Debug|x64.Build.0 = Debug|Any CPU
		{D6B9798A-291C-4957-AEC0-E9F83D0CFE8C}.Debug|x86.ActiveCfg = Debug|Any CPU
		{D6B9798A-291C-4957-AEC0-E9F83D0CFE8C}.Debug|x86.Build.0 = Debug|Any CPU
		{D6B9798A-291C-4957-AEC0-E9F83D0CFE8C}.Release|Any CPU.ActiveCfg = Release|Any CPU
		{D6B9798A-291C-4957-AEC0-E9F83D0CFE8C}.Release|Any CPU.Build.0 = Release|Any CPU
		{D6B9798A-291C-4957-AEC0-E9F83D0CFE8C}.Release|x64.ActiveCfg = Release|Any CPU
		{D6B9798A-291C-4957-AEC0-E9F83D0CFE8C}.Release|x64.Build.0 = Release|Any CPU
		{D6B9798A-291C-4957-AEC0-E9F83D0CFE8C}.Release|x86.ActiveCfg = Release|Any CPU
		{D6B9798A-291C-4957-AEC0-E9F83D0CFE8C}.Release|x86.Build.0 = Release|Any CPU
		{699A2A46-96A4-4460-A8D9-2D4EFC89B239}.Debug|Any CPU.ActiveCfg = Debug|Any CPU
		{699A2A46-96A4-4460-A8D9-2D4EFC89B239}.Debug|Any CPU.Build.0 = Debug|Any CPU
		{699A2A46-96A4-4460-A8D9-2D4EFC89B239}.Debug|x64.ActiveCfg = Debug|Any CPU
		{699A2A46-96A4-4460-A8D9-2D4EFC89B239}.Debug|x64.Build.0 = Debug|Any CPU
		{699A2A46-96A4-4460-A8D9-2D4EFC89B239}.Debug|x86.ActiveCfg = Debug|Any CPU
		{699A2A46-96A4-4460-A8D9-2D4EFC89B239}.Debug|x86.Build.0 = Debug|Any CPU
		{699A2A46-96A4-4460-A8D9-2D4EFC89B239}.Release|Any CPU.ActiveCfg = Release|Any CPU
		{699A2A46-96A4-4460-A8D9-2D4EFC89B239}.Release|Any CPU.Build.0 = Release|Any CPU
		{699A2A46-96A4-4460-A8D9-2D4EFC89B239}.Release|x64.ActiveCfg = Release|Any CPU
		{699A2A46-96A4-4460-A8D9-2D4EFC89B239}.Release|x64.Build.0 = Release|Any CPU
		{699A2A46-96A4-4460-A8D9-2D4EFC89B239}.Release|x86.ActiveCfg = Release|Any CPU
		{699A2A46-96A4-4460-A8D9-2D4EFC89B239}.Release|x86.Build.0 = Release|Any CPU
		{D091DEF4-2D81-45CF-879E-79718DA66DF2}.Debug|Any CPU.ActiveCfg = Debug|Any CPU
		{D091DEF4-2D81-45CF-879E-79718DA66DF2}.Debug|Any CPU.Build.0 = Debug|Any CPU
		{D091DEF4-2D81-45CF-879E-79718DA66DF2}.Debug|x64.ActiveCfg = Debug|Any CPU
		{D091DEF4-2D81-45CF-879E-79718DA66DF2}.Debug|x64.Build.0 = Debug|Any CPU
		{D091DEF4-2D81-45CF-879E-79718DA66DF2}.Debug|x86.ActiveCfg = Debug|Any CPU
		{D091DEF4-2D81-45CF-879E-79718DA66DF2}.Debug|x86.Build.0 = Debug|Any CPU
		{D091DEF4-2D81-45CF-879E-79718DA66DF2}.Release|Any CPU.ActiveCfg = Release|Any CPU
		{D091DEF4-2D81-45CF-879E-79718DA66DF2}.Release|Any CPU.Build.0 = Release|Any CPU
		{D091DEF4-2D81-45CF-879E-79718DA66DF2}.Release|x64.ActiveCfg = Release|Any CPU
		{D091DEF4-2D81-45CF-879E-79718DA66DF2}.Release|x64.Build.0 = Release|Any CPU
		{D091DEF4-2D81-45CF-879E-79718DA66DF2}.Release|x86.ActiveCfg = Release|Any CPU
		{D091DEF4-2D81-45CF-879E-79718DA66DF2}.Release|x86.Build.0 = Release|Any CPU
		{0BA45E66-E83F-4861-88C3-DB32F5904E87}.Debug|Any CPU.ActiveCfg = Debug|Any CPU
		{0BA45E66-E83F-4861-88C3-DB32F5904E87}.Debug|Any CPU.Build.0 = Debug|Any CPU
		{0BA45E66-E83F-4861-88C3-DB32F5904E87}.Debug|x64.ActiveCfg = Debug|Any CPU
		{0BA45E66-E83F-4861-88C3-DB32F5904E87}.Debug|x64.Build.0 = Debug|Any CPU
		{0BA45E66-E83F-4861-88C3-DB32F5904E87}.Debug|x86.ActiveCfg = Debug|Any CPU
		{0BA45E66-E83F-4861-88C3-DB32F5904E87}.Debug|x86.Build.0 = Debug|Any CPU
		{0BA45E66-E83F-4861-88C3-DB32F5904E87}.Release|Any CPU.ActiveCfg = Release|Any CPU
		{0BA45E66-E83F-4861-88C3-DB32F5904E87}.Release|Any CPU.Build.0 = Release|Any CPU
		{0BA45E66-E83F-4861-88C3-DB32F5904E87}.Release|x64.ActiveCfg = Release|Any CPU
		{0BA45E66-E83F-4861-88C3-DB32F5904E87}.Release|x64.Build.0 = Release|Any CPU
		{0BA45E66-E83F-4861-88C3-DB32F5904E87}.Release|x86.ActiveCfg = Release|Any CPU
		{0BA45E66-E83F-4861-88C3-DB32F5904E87}.Release|x86.Build.0 = Release|Any CPU
		{830E0CF4-C322-448B-A33C-C41195F24A02}.Debug|Any CPU.ActiveCfg = Debug|Any CPU
		{830E0CF4-C322-448B-A33C-C41195F24A02}.Debug|Any CPU.Build.0 = Debug|Any CPU
		{830E0CF4-C322-448B-A33C-C41195F24A02}.Debug|x64.ActiveCfg = Debug|Any CPU
		{830E0CF4-C322-448B-A33C-C41195F24A02}.Debug|x64.Build.0 = Debug|Any CPU
		{830E0CF4-C322-448B-A33C-C41195F24A02}.Debug|x86.ActiveCfg = Debug|Any CPU
		{830E0CF4-C322-448B-A33C-C41195F24A02}.Debug|x86.Build.0 = Debug|Any CPU
		{830E0CF4-C322-448B-A33C-C41195F24A02}.Release|Any CPU.ActiveCfg = Release|Any CPU
		{830E0CF4-C322-448B-A33C-C41195F24A02}.Release|Any CPU.Build.0 = Release|Any CPU
		{830E0CF4-C322-448B-A33C-C41195F24A02}.Release|x64.ActiveCfg = Release|Any CPU
		{830E0CF4-C322-448B-A33C-C41195F24A02}.Release|x64.Build.0 = Release|Any CPU
		{830E0CF4-C322-448B-A33C-C41195F24A02}.Release|x86.ActiveCfg = Release|Any CPU
		{830E0CF4-C322-448B-A33C-C41195F24A02}.Release|x86.Build.0 = Release|Any CPU
		{4866980E-1C95-4A87-B26F-1E1DDBF3FE96}.Debug|Any CPU.ActiveCfg = Debug|Any CPU
		{4866980E-1C95-4A87-B26F-1E1DDBF3FE96}.Debug|Any CPU.Build.0 = Debug|Any CPU
		{4866980E-1C95-4A87-B26F-1E1DDBF3FE96}.Debug|x64.ActiveCfg = Debug|Any CPU
		{4866980E-1C95-4A87-B26F-1E1DDBF3FE96}.Debug|x64.Build.0 = Debug|Any CPU
		{4866980E-1C95-4A87-B26F-1E1DDBF3FE96}.Debug|x86.ActiveCfg = Debug|Any CPU
		{4866980E-1C95-4A87-B26F-1E1DDBF3FE96}.Debug|x86.Build.0 = Debug|Any CPU
		{4866980E-1C95-4A87-B26F-1E1DDBF3FE96}.Release|Any CPU.ActiveCfg = Release|Any CPU
		{4866980E-1C95-4A87-B26F-1E1DDBF3FE96}.Release|Any CPU.Build.0 = Release|Any CPU
		{4866980E-1C95-4A87-B26F-1E1DDBF3FE96}.Release|x64.ActiveCfg = Release|Any CPU
		{4866980E-1C95-4A87-B26F-1E1DDBF3FE96}.Release|x64.Build.0 = Release|Any CPU
		{4866980E-1C95-4A87-B26F-1E1DDBF3FE96}.Release|x86.ActiveCfg = Release|Any CPU
		{4866980E-1C95-4A87-B26F-1E1DDBF3FE96}.Release|x86.Build.0 = Release|Any CPU
		{E535DCEE-0AB0-4AAF-808E-43ED7BEC6C24}.Debug|Any CPU.ActiveCfg = Debug|Any CPU
		{E535DCEE-0AB0-4AAF-808E-43ED7BEC6C24}.Debug|Any CPU.Build.0 = Debug|Any CPU
		{E535DCEE-0AB0-4AAF-808E-43ED7BEC6C24}.Debug|x64.ActiveCfg = Debug|Any CPU
		{E535DCEE-0AB0-4AAF-808E-43ED7BEC6C24}.Debug|x64.Build.0 = Debug|Any CPU
		{E535DCEE-0AB0-4AAF-808E-43ED7BEC6C24}.Debug|x86.ActiveCfg = Debug|Any CPU
		{E535DCEE-0AB0-4AAF-808E-43ED7BEC6C24}.Debug|x86.Build.0 = Debug|Any CPU
		{E535DCEE-0AB0-4AAF-808E-43ED7BEC6C24}.Release|Any CPU.ActiveCfg = Release|Any CPU
		{E535DCEE-0AB0-4AAF-808E-43ED7BEC6C24}.Release|Any CPU.Build.0 = Release|Any CPU
		{E535DCEE-0AB0-4AAF-808E-43ED7BEC6C24}.Release|x64.ActiveCfg = Release|Any CPU
		{E535DCEE-0AB0-4AAF-808E-43ED7BEC6C24}.Release|x64.Build.0 = Release|Any CPU
		{E535DCEE-0AB0-4AAF-808E-43ED7BEC6C24}.Release|x86.ActiveCfg = Release|Any CPU
		{E535DCEE-0AB0-4AAF-808E-43ED7BEC6C24}.Release|x86.Build.0 = Release|Any CPU
		{291AFBA7-3795-49A5-BE7A-CB7C3B004CDF}.Debug|Any CPU.ActiveCfg = Debug|Any CPU
		{291AFBA7-3795-49A5-BE7A-CB7C3B004CDF}.Debug|Any CPU.Build.0 = Debug|Any CPU
		{291AFBA7-3795-49A5-BE7A-CB7C3B004CDF}.Debug|x64.ActiveCfg = Debug|Any CPU
		{291AFBA7-3795-49A5-BE7A-CB7C3B004CDF}.Debug|x64.Build.0 = Debug|Any CPU
		{291AFBA7-3795-49A5-BE7A-CB7C3B004CDF}.Debug|x86.ActiveCfg = Debug|Any CPU
		{291AFBA7-3795-49A5-BE7A-CB7C3B004CDF}.Debug|x86.Build.0 = Debug|Any CPU
		{291AFBA7-3795-49A5-BE7A-CB7C3B004CDF}.Release|Any CPU.ActiveCfg = Release|Any CPU
		{291AFBA7-3795-49A5-BE7A-CB7C3B004CDF}.Release|Any CPU.Build.0 = Release|Any CPU
		{291AFBA7-3795-49A5-BE7A-CB7C3B004CDF}.Release|x64.ActiveCfg = Release|Any CPU
		{291AFBA7-3795-49A5-BE7A-CB7C3B004CDF}.Release|x64.Build.0 = Release|Any CPU
		{291AFBA7-3795-49A5-BE7A-CB7C3B004CDF}.Release|x86.ActiveCfg = Release|Any CPU
		{291AFBA7-3795-49A5-BE7A-CB7C3B004CDF}.Release|x86.Build.0 = Release|Any CPU
		{58C23139-E7C3-4A81-A69A-0F77C45A56A9}.Debug|Any CPU.ActiveCfg = Debug|Any CPU
		{58C23139-E7C3-4A81-A69A-0F77C45A56A9}.Debug|Any CPU.Build.0 = Debug|Any CPU
		{58C23139-E7C3-4A81-A69A-0F77C45A56A9}.Debug|x64.ActiveCfg = Debug|Any CPU
		{58C23139-E7C3-4A81-A69A-0F77C45A56A9}.Debug|x64.Build.0 = Debug|Any CPU
		{58C23139-E7C3-4A81-A69A-0F77C45A56A9}.Debug|x86.ActiveCfg = Debug|Any CPU
		{58C23139-E7C3-4A81-A69A-0F77C45A56A9}.Debug|x86.Build.0 = Debug|Any CPU
		{58C23139-E7C3-4A81-A69A-0F77C45A56A9}.Release|Any CPU.ActiveCfg = Release|Any CPU
		{58C23139-E7C3-4A81-A69A-0F77C45A56A9}.Release|Any CPU.Build.0 = Release|Any CPU
		{58C23139-E7C3-4A81-A69A-0F77C45A56A9}.Release|x64.ActiveCfg = Release|Any CPU
		{58C23139-E7C3-4A81-A69A-0F77C45A56A9}.Release|x64.Build.0 = Release|Any CPU
		{58C23139-E7C3-4A81-A69A-0F77C45A56A9}.Release|x86.ActiveCfg = Release|Any CPU
		{58C23139-E7C3-4A81-A69A-0F77C45A56A9}.Release|x86.Build.0 = Release|Any CPU
		{52C45902-514A-47BF-AC0A-BD7FCED54C5E}.Debug|Any CPU.ActiveCfg = Debug|Any CPU
		{52C45902-514A-47BF-AC0A-BD7FCED54C5E}.Debug|Any CPU.Build.0 = Debug|Any CPU
		{52C45902-514A-47BF-AC0A-BD7FCED54C5E}.Debug|x64.ActiveCfg = Debug|Any CPU
		{52C45902-514A-47BF-AC0A-BD7FCED54C5E}.Debug|x64.Build.0 = Debug|Any CPU
		{52C45902-514A-47BF-AC0A-BD7FCED54C5E}.Debug|x86.ActiveCfg = Debug|Any CPU
		{52C45902-514A-47BF-AC0A-BD7FCED54C5E}.Debug|x86.Build.0 = Debug|Any CPU
		{52C45902-514A-47BF-AC0A-BD7FCED54C5E}.Release|Any CPU.ActiveCfg = Release|Any CPU
		{52C45902-514A-47BF-AC0A-BD7FCED54C5E}.Release|Any CPU.Build.0 = Release|Any CPU
		{52C45902-514A-47BF-AC0A-BD7FCED54C5E}.Release|x64.ActiveCfg = Release|Any CPU
		{52C45902-514A-47BF-AC0A-BD7FCED54C5E}.Release|x64.Build.0 = Release|Any CPU
		{52C45902-514A-47BF-AC0A-BD7FCED54C5E}.Release|x86.ActiveCfg = Release|Any CPU
		{52C45902-514A-47BF-AC0A-BD7FCED54C5E}.Release|x86.Build.0 = Release|Any CPU
		{661A0ACF-926C-4700-8060-A5EE40FC3515}.Debug|Any CPU.ActiveCfg = Debug|Any CPU
		{661A0ACF-926C-4700-8060-A5EE40FC3515}.Debug|Any CPU.Build.0 = Debug|Any CPU
		{661A0ACF-926C-4700-8060-A5EE40FC3515}.Debug|x64.ActiveCfg = Debug|Any CPU
		{661A0ACF-926C-4700-8060-A5EE40FC3515}.Debug|x64.Build.0 = Debug|Any CPU
		{661A0ACF-926C-4700-8060-A5EE40FC3515}.Debug|x86.ActiveCfg = Debug|Any CPU
		{661A0ACF-926C-4700-8060-A5EE40FC3515}.Debug|x86.Build.0 = Debug|Any CPU
		{661A0ACF-926C-4700-8060-A5EE40FC3515}.Release|Any CPU.ActiveCfg = Release|Any CPU
		{661A0ACF-926C-4700-8060-A5EE40FC3515}.Release|Any CPU.Build.0 = Release|Any CPU
		{661A0ACF-926C-4700-8060-A5EE40FC3515}.Release|x64.ActiveCfg = Release|Any CPU
		{661A0ACF-926C-4700-8060-A5EE40FC3515}.Release|x64.Build.0 = Release|Any CPU
		{661A0ACF-926C-4700-8060-A5EE40FC3515}.Release|x86.ActiveCfg = Release|Any CPU
		{661A0ACF-926C-4700-8060-A5EE40FC3515}.Release|x86.Build.0 = Release|Any CPU
		{AE9BBE87-9944-4EC1-8196-93241B0B4775}.Debug|Any CPU.ActiveCfg = Debug|Any CPU
		{AE9BBE87-9944-4EC1-8196-93241B0B4775}.Debug|Any CPU.Build.0 = Debug|Any CPU
		{AE9BBE87-9944-4EC1-8196-93241B0B4775}.Debug|x64.ActiveCfg = Debug|Any CPU
		{AE9BBE87-9944-4EC1-8196-93241B0B4775}.Debug|x64.Build.0 = Debug|Any CPU
		{AE9BBE87-9944-4EC1-8196-93241B0B4775}.Debug|x86.ActiveCfg = Debug|Any CPU
		{AE9BBE87-9944-4EC1-8196-93241B0B4775}.Debug|x86.Build.0 = Debug|Any CPU
		{AE9BBE87-9944-4EC1-8196-93241B0B4775}.Release|Any CPU.ActiveCfg = Release|Any CPU
		{AE9BBE87-9944-4EC1-8196-93241B0B4775}.Release|Any CPU.Build.0 = Release|Any CPU
		{AE9BBE87-9944-4EC1-8196-93241B0B4775}.Release|x64.ActiveCfg = Release|Any CPU
		{AE9BBE87-9944-4EC1-8196-93241B0B4775}.Release|x64.Build.0 = Release|Any CPU
		{AE9BBE87-9944-4EC1-8196-93241B0B4775}.Release|x86.ActiveCfg = Release|Any CPU
		{AE9BBE87-9944-4EC1-8196-93241B0B4775}.Release|x86.Build.0 = Release|Any CPU
		{F136233F-DD27-4F54-9035-98081AE699F9}.Debug|Any CPU.ActiveCfg = Debug|Any CPU
		{F136233F-DD27-4F54-9035-98081AE699F9}.Debug|Any CPU.Build.0 = Debug|Any CPU
		{F136233F-DD27-4F54-9035-98081AE699F9}.Debug|x64.ActiveCfg = Debug|Any CPU
		{F136233F-DD27-4F54-9035-98081AE699F9}.Debug|x64.Build.0 = Debug|Any CPU
		{F136233F-DD27-4F54-9035-98081AE699F9}.Debug|x86.ActiveCfg = Debug|Any CPU
		{F136233F-DD27-4F54-9035-98081AE699F9}.Debug|x86.Build.0 = Debug|Any CPU
		{F136233F-DD27-4F54-9035-98081AE699F9}.Release|Any CPU.ActiveCfg = Release|Any CPU
		{F136233F-DD27-4F54-9035-98081AE699F9}.Release|Any CPU.Build.0 = Release|Any CPU
		{F136233F-DD27-4F54-9035-98081AE699F9}.Release|x64.ActiveCfg = Release|Any CPU
		{F136233F-DD27-4F54-9035-98081AE699F9}.Release|x64.Build.0 = Release|Any CPU
		{F136233F-DD27-4F54-9035-98081AE699F9}.Release|x86.ActiveCfg = Release|Any CPU
		{F136233F-DD27-4F54-9035-98081AE699F9}.Release|x86.Build.0 = Release|Any CPU
		{6A9FB99B-2454-498D-9C48-7D5F5071B1E6}.Debug|Any CPU.ActiveCfg = Debug|Any CPU
		{6A9FB99B-2454-498D-9C48-7D5F5071B1E6}.Debug|Any CPU.Build.0 = Debug|Any CPU
		{6A9FB99B-2454-498D-9C48-7D5F5071B1E6}.Debug|x64.ActiveCfg = Debug|Any CPU
		{6A9FB99B-2454-498D-9C48-7D5F5071B1E6}.Debug|x64.Build.0 = Debug|Any CPU
		{6A9FB99B-2454-498D-9C48-7D5F5071B1E6}.Debug|x86.ActiveCfg = Debug|Any CPU
		{6A9FB99B-2454-498D-9C48-7D5F5071B1E6}.Debug|x86.Build.0 = Debug|Any CPU
		{6A9FB99B-2454-498D-9C48-7D5F5071B1E6}.Release|Any CPU.ActiveCfg = Release|Any CPU
		{6A9FB99B-2454-498D-9C48-7D5F5071B1E6}.Release|Any CPU.Build.0 = Release|Any CPU
		{6A9FB99B-2454-498D-9C48-7D5F5071B1E6}.Release|x64.ActiveCfg = Release|Any CPU
		{6A9FB99B-2454-498D-9C48-7D5F5071B1E6}.Release|x64.Build.0 = Release|Any CPU
		{6A9FB99B-2454-498D-9C48-7D5F5071B1E6}.Release|x86.ActiveCfg = Release|Any CPU
		{6A9FB99B-2454-498D-9C48-7D5F5071B1E6}.Release|x86.Build.0 = Release|Any CPU
		{F9E0EB51-458F-4B63-9998-CA61BCFFABCB}.Debug|Any CPU.ActiveCfg = Debug|Any CPU
		{F9E0EB51-458F-4B63-9998-CA61BCFFABCB}.Debug|Any CPU.Build.0 = Debug|Any CPU
		{F9E0EB51-458F-4B63-9998-CA61BCFFABCB}.Debug|x64.ActiveCfg = Debug|Any CPU
		{F9E0EB51-458F-4B63-9998-CA61BCFFABCB}.Debug|x64.Build.0 = Debug|Any CPU
		{F9E0EB51-458F-4B63-9998-CA61BCFFABCB}.Debug|x86.ActiveCfg = Debug|Any CPU
		{F9E0EB51-458F-4B63-9998-CA61BCFFABCB}.Debug|x86.Build.0 = Debug|Any CPU
		{F9E0EB51-458F-4B63-9998-CA61BCFFABCB}.Release|Any CPU.ActiveCfg = Release|Any CPU
		{F9E0EB51-458F-4B63-9998-CA61BCFFABCB}.Release|Any CPU.Build.0 = Release|Any CPU
		{F9E0EB51-458F-4B63-9998-CA61BCFFABCB}.Release|x64.ActiveCfg = Release|Any CPU
		{F9E0EB51-458F-4B63-9998-CA61BCFFABCB}.Release|x64.Build.0 = Release|Any CPU
		{F9E0EB51-458F-4B63-9998-CA61BCFFABCB}.Release|x86.ActiveCfg = Release|Any CPU
		{F9E0EB51-458F-4B63-9998-CA61BCFFABCB}.Release|x86.Build.0 = Release|Any CPU
		{2F4D490B-256D-4731-B8BF-9817DD9937DA}.Debug|Any CPU.ActiveCfg = Debug|Any CPU
		{2F4D490B-256D-4731-B8BF-9817DD9937DA}.Debug|Any CPU.Build.0 = Debug|Any CPU
		{2F4D490B-256D-4731-B8BF-9817DD9937DA}.Debug|x64.ActiveCfg = Debug|Any CPU
		{2F4D490B-256D-4731-B8BF-9817DD9937DA}.Debug|x64.Build.0 = Debug|Any CPU
		{2F4D490B-256D-4731-B8BF-9817DD9937DA}.Debug|x86.ActiveCfg = Debug|Any CPU
		{2F4D490B-256D-4731-B8BF-9817DD9937DA}.Debug|x86.Build.0 = Debug|Any CPU
		{2F4D490B-256D-4731-B8BF-9817DD9937DA}.Release|Any CPU.ActiveCfg = Release|Any CPU
		{2F4D490B-256D-4731-B8BF-9817DD9937DA}.Release|Any CPU.Build.0 = Release|Any CPU
		{2F4D490B-256D-4731-B8BF-9817DD9937DA}.Release|x64.ActiveCfg = Release|Any CPU
		{2F4D490B-256D-4731-B8BF-9817DD9937DA}.Release|x64.Build.0 = Release|Any CPU
		{2F4D490B-256D-4731-B8BF-9817DD9937DA}.Release|x86.ActiveCfg = Release|Any CPU
		{2F4D490B-256D-4731-B8BF-9817DD9937DA}.Release|x86.Build.0 = Release|Any CPU
		{26BBF342-5A4D-4321-8023-7883ADEDE977}.Debug|Any CPU.ActiveCfg = Debug|Any CPU
		{26BBF342-5A4D-4321-8023-7883ADEDE977}.Debug|Any CPU.Build.0 = Debug|Any CPU
		{26BBF342-5A4D-4321-8023-7883ADEDE977}.Debug|x64.ActiveCfg = Debug|Any CPU
		{26BBF342-5A4D-4321-8023-7883ADEDE977}.Debug|x64.Build.0 = Debug|Any CPU
		{26BBF342-5A4D-4321-8023-7883ADEDE977}.Debug|x86.ActiveCfg = Debug|Any CPU
		{26BBF342-5A4D-4321-8023-7883ADEDE977}.Debug|x86.Build.0 = Debug|Any CPU
		{26BBF342-5A4D-4321-8023-7883ADEDE977}.Release|Any CPU.ActiveCfg = Release|Any CPU
		{26BBF342-5A4D-4321-8023-7883ADEDE977}.Release|Any CPU.Build.0 = Release|Any CPU
		{26BBF342-5A4D-4321-8023-7883ADEDE977}.Release|x64.ActiveCfg = Release|Any CPU
		{26BBF342-5A4D-4321-8023-7883ADEDE977}.Release|x64.Build.0 = Release|Any CPU
		{26BBF342-5A4D-4321-8023-7883ADEDE977}.Release|x86.ActiveCfg = Release|Any CPU
		{26BBF342-5A4D-4321-8023-7883ADEDE977}.Release|x86.Build.0 = Release|Any CPU
		{5E44EF5E-9644-4447-AE47-1EFA8D42B693}.Debug|Any CPU.ActiveCfg = Debug|Any CPU
		{5E44EF5E-9644-4447-AE47-1EFA8D42B693}.Debug|Any CPU.Build.0 = Debug|Any CPU
		{5E44EF5E-9644-4447-AE47-1EFA8D42B693}.Debug|x64.ActiveCfg = Debug|Any CPU
		{5E44EF5E-9644-4447-AE47-1EFA8D42B693}.Debug|x64.Build.0 = Debug|Any CPU
		{5E44EF5E-9644-4447-AE47-1EFA8D42B693}.Debug|x86.ActiveCfg = Debug|Any CPU
		{5E44EF5E-9644-4447-AE47-1EFA8D42B693}.Debug|x86.Build.0 = Debug|Any CPU
		{5E44EF5E-9644-4447-AE47-1EFA8D42B693}.Release|Any CPU.ActiveCfg = Release|Any CPU
		{5E44EF5E-9644-4447-AE47-1EFA8D42B693}.Release|Any CPU.Build.0 = Release|Any CPU
		{5E44EF5E-9644-4447-AE47-1EFA8D42B693}.Release|x64.ActiveCfg = Release|Any CPU
		{5E44EF5E-9644-4447-AE47-1EFA8D42B693}.Release|x64.Build.0 = Release|Any CPU
		{5E44EF5E-9644-4447-AE47-1EFA8D42B693}.Release|x86.ActiveCfg = Release|Any CPU
		{5E44EF5E-9644-4447-AE47-1EFA8D42B693}.Release|x86.Build.0 = Release|Any CPU
		{4EB67482-13F3-4F79-B234-F779C1EE0A93}.Debug|Any CPU.ActiveCfg = Debug|Any CPU
		{4EB67482-13F3-4F79-B234-F779C1EE0A93}.Debug|Any CPU.Build.0 = Debug|Any CPU
		{4EB67482-13F3-4F79-B234-F779C1EE0A93}.Debug|x64.ActiveCfg = Debug|Any CPU
		{4EB67482-13F3-4F79-B234-F779C1EE0A93}.Debug|x64.Build.0 = Debug|Any CPU
		{4EB67482-13F3-4F79-B234-F779C1EE0A93}.Debug|x86.ActiveCfg = Debug|Any CPU
		{4EB67482-13F3-4F79-B234-F779C1EE0A93}.Debug|x86.Build.0 = Debug|Any CPU
		{4EB67482-13F3-4F79-B234-F779C1EE0A93}.Release|Any CPU.ActiveCfg = Release|Any CPU
		{4EB67482-13F3-4F79-B234-F779C1EE0A93}.Release|Any CPU.Build.0 = Release|Any CPU
		{4EB67482-13F3-4F79-B234-F779C1EE0A93}.Release|x64.ActiveCfg = Release|Any CPU
		{4EB67482-13F3-4F79-B234-F779C1EE0A93}.Release|x64.Build.0 = Release|Any CPU
		{4EB67482-13F3-4F79-B234-F779C1EE0A93}.Release|x86.ActiveCfg = Release|Any CPU
		{4EB67482-13F3-4F79-B234-F779C1EE0A93}.Release|x86.Build.0 = Release|Any CPU
		{F9714FFA-B98D-4C50-94D8-540139652E0B}.Debug|Any CPU.ActiveCfg = Debug|Any CPU
		{F9714FFA-B98D-4C50-94D8-540139652E0B}.Debug|Any CPU.Build.0 = Debug|Any CPU
		{F9714FFA-B98D-4C50-94D8-540139652E0B}.Debug|x64.ActiveCfg = Debug|Any CPU
		{F9714FFA-B98D-4C50-94D8-540139652E0B}.Debug|x64.Build.0 = Debug|Any CPU
		{F9714FFA-B98D-4C50-94D8-540139652E0B}.Debug|x86.ActiveCfg = Debug|Any CPU
		{F9714FFA-B98D-4C50-94D8-540139652E0B}.Debug|x86.Build.0 = Debug|Any CPU
		{F9714FFA-B98D-4C50-94D8-540139652E0B}.Release|Any CPU.ActiveCfg = Release|Any CPU
		{F9714FFA-B98D-4C50-94D8-540139652E0B}.Release|Any CPU.Build.0 = Release|Any CPU
		{F9714FFA-B98D-4C50-94D8-540139652E0B}.Release|x64.ActiveCfg = Release|Any CPU
		{F9714FFA-B98D-4C50-94D8-540139652E0B}.Release|x64.Build.0 = Release|Any CPU
		{F9714FFA-B98D-4C50-94D8-540139652E0B}.Release|x86.ActiveCfg = Release|Any CPU
		{F9714FFA-B98D-4C50-94D8-540139652E0B}.Release|x86.Build.0 = Release|Any CPU
		{0BFFF881-A4C0-4FED-B3AB-8BF40F9D9C4F}.Debug|Any CPU.ActiveCfg = Debug|Any CPU
		{0BFFF881-A4C0-4FED-B3AB-8BF40F9D9C4F}.Debug|Any CPU.Build.0 = Debug|Any CPU
		{0BFFF881-A4C0-4FED-B3AB-8BF40F9D9C4F}.Debug|x64.ActiveCfg = Debug|Any CPU
		{0BFFF881-A4C0-4FED-B3AB-8BF40F9D9C4F}.Debug|x64.Build.0 = Debug|Any CPU
		{0BFFF881-A4C0-4FED-B3AB-8BF40F9D9C4F}.Debug|x86.ActiveCfg = Debug|Any CPU
		{0BFFF881-A4C0-4FED-B3AB-8BF40F9D9C4F}.Debug|x86.Build.0 = Debug|Any CPU
		{0BFFF881-A4C0-4FED-B3AB-8BF40F9D9C4F}.Release|Any CPU.ActiveCfg = Release|Any CPU
		{0BFFF881-A4C0-4FED-B3AB-8BF40F9D9C4F}.Release|Any CPU.Build.0 = Release|Any CPU
		{0BFFF881-A4C0-4FED-B3AB-8BF40F9D9C4F}.Release|x64.ActiveCfg = Release|Any CPU
		{0BFFF881-A4C0-4FED-B3AB-8BF40F9D9C4F}.Release|x64.Build.0 = Release|Any CPU
		{0BFFF881-A4C0-4FED-B3AB-8BF40F9D9C4F}.Release|x86.ActiveCfg = Release|Any CPU
		{0BFFF881-A4C0-4FED-B3AB-8BF40F9D9C4F}.Release|x86.Build.0 = Release|Any CPU
		{7FCAE817-F607-420D-9B84-8936717D5698}.Debug|Any CPU.ActiveCfg = Debug|Any CPU
		{7FCAE817-F607-420D-9B84-8936717D5698}.Debug|Any CPU.Build.0 = Debug|Any CPU
		{7FCAE817-F607-420D-9B84-8936717D5698}.Debug|x64.ActiveCfg = Debug|Any CPU
		{7FCAE817-F607-420D-9B84-8936717D5698}.Debug|x64.Build.0 = Debug|Any CPU
		{7FCAE817-F607-420D-9B84-8936717D5698}.Debug|x86.ActiveCfg = Debug|Any CPU
		{7FCAE817-F607-420D-9B84-8936717D5698}.Debug|x86.Build.0 = Debug|Any CPU
		{7FCAE817-F607-420D-9B84-8936717D5698}.Release|Any CPU.ActiveCfg = Release|Any CPU
		{7FCAE817-F607-420D-9B84-8936717D5698}.Release|Any CPU.Build.0 = Release|Any CPU
		{7FCAE817-F607-420D-9B84-8936717D5698}.Release|x64.ActiveCfg = Release|Any CPU
		{7FCAE817-F607-420D-9B84-8936717D5698}.Release|x64.Build.0 = Release|Any CPU
		{7FCAE817-F607-420D-9B84-8936717D5698}.Release|x86.ActiveCfg = Release|Any CPU
		{7FCAE817-F607-420D-9B84-8936717D5698}.Release|x86.Build.0 = Release|Any CPU
		{97BA0CCA-2E09-4473-B51F-87D82E62C1C3}.Debug|Any CPU.ActiveCfg = Debug|Any CPU
		{97BA0CCA-2E09-4473-B51F-87D82E62C1C3}.Debug|Any CPU.Build.0 = Debug|Any CPU
		{97BA0CCA-2E09-4473-B51F-87D82E62C1C3}.Debug|x64.ActiveCfg = Debug|Any CPU
		{97BA0CCA-2E09-4473-B51F-87D82E62C1C3}.Debug|x64.Build.0 = Debug|Any CPU
		{97BA0CCA-2E09-4473-B51F-87D82E62C1C3}.Debug|x86.ActiveCfg = Debug|Any CPU
		{97BA0CCA-2E09-4473-B51F-87D82E62C1C3}.Debug|x86.Build.0 = Debug|Any CPU
		{97BA0CCA-2E09-4473-B51F-87D82E62C1C3}.Release|Any CPU.ActiveCfg = Release|Any CPU
		{97BA0CCA-2E09-4473-B51F-87D82E62C1C3}.Release|Any CPU.Build.0 = Release|Any CPU
		{97BA0CCA-2E09-4473-B51F-87D82E62C1C3}.Release|x64.ActiveCfg = Release|Any CPU
		{97BA0CCA-2E09-4473-B51F-87D82E62C1C3}.Release|x64.Build.0 = Release|Any CPU
		{97BA0CCA-2E09-4473-B51F-87D82E62C1C3}.Release|x86.ActiveCfg = Release|Any CPU
		{97BA0CCA-2E09-4473-B51F-87D82E62C1C3}.Release|x86.Build.0 = Release|Any CPU
		{89D3DF3A-25C7-4179-ABCE-7089DD400E5D}.Debug|Any CPU.ActiveCfg = Debug|Any CPU
		{89D3DF3A-25C7-4179-ABCE-7089DD400E5D}.Debug|Any CPU.Build.0 = Debug|Any CPU
		{89D3DF3A-25C7-4179-ABCE-7089DD400E5D}.Debug|x64.ActiveCfg = Debug|Any CPU
		{89D3DF3A-25C7-4179-ABCE-7089DD400E5D}.Debug|x64.Build.0 = Debug|Any CPU
		{89D3DF3A-25C7-4179-ABCE-7089DD400E5D}.Debug|x86.ActiveCfg = Debug|Any CPU
		{89D3DF3A-25C7-4179-ABCE-7089DD400E5D}.Debug|x86.Build.0 = Debug|Any CPU
		{89D3DF3A-25C7-4179-ABCE-7089DD400E5D}.Release|Any CPU.ActiveCfg = Release|Any CPU
		{89D3DF3A-25C7-4179-ABCE-7089DD400E5D}.Release|Any CPU.Build.0 = Release|Any CPU
		{89D3DF3A-25C7-4179-ABCE-7089DD400E5D}.Release|x64.ActiveCfg = Release|Any CPU
		{89D3DF3A-25C7-4179-ABCE-7089DD400E5D}.Release|x64.Build.0 = Release|Any CPU
		{89D3DF3A-25C7-4179-ABCE-7089DD400E5D}.Release|x86.ActiveCfg = Release|Any CPU
		{89D3DF3A-25C7-4179-ABCE-7089DD400E5D}.Release|x86.Build.0 = Release|Any CPU
		{0F43387E-B056-430F-8020-118EF1F725C2}.Debug|Any CPU.ActiveCfg = Debug|Any CPU
		{0F43387E-B056-430F-8020-118EF1F725C2}.Debug|Any CPU.Build.0 = Debug|Any CPU
		{0F43387E-B056-430F-8020-118EF1F725C2}.Debug|x64.ActiveCfg = Debug|Any CPU
		{0F43387E-B056-430F-8020-118EF1F725C2}.Debug|x64.Build.0 = Debug|Any CPU
		{0F43387E-B056-430F-8020-118EF1F725C2}.Debug|x86.ActiveCfg = Debug|Any CPU
		{0F43387E-B056-430F-8020-118EF1F725C2}.Debug|x86.Build.0 = Debug|Any CPU
		{0F43387E-B056-430F-8020-118EF1F725C2}.Release|Any CPU.ActiveCfg = Release|Any CPU
		{0F43387E-B056-430F-8020-118EF1F725C2}.Release|Any CPU.Build.0 = Release|Any CPU
		{0F43387E-B056-430F-8020-118EF1F725C2}.Release|x64.ActiveCfg = Release|Any CPU
		{0F43387E-B056-430F-8020-118EF1F725C2}.Release|x64.Build.0 = Release|Any CPU
		{0F43387E-B056-430F-8020-118EF1F725C2}.Release|x86.ActiveCfg = Release|Any CPU
		{0F43387E-B056-430F-8020-118EF1F725C2}.Release|x86.Build.0 = Release|Any CPU
		{2944BA36-397E-4C47-9EDD-36985609FBD7}.Debug|Any CPU.ActiveCfg = Debug|Any CPU
		{2944BA36-397E-4C47-9EDD-36985609FBD7}.Debug|Any CPU.Build.0 = Debug|Any CPU
		{2944BA36-397E-4C47-9EDD-36985609FBD7}.Debug|x64.ActiveCfg = Debug|Any CPU
		{2944BA36-397E-4C47-9EDD-36985609FBD7}.Debug|x64.Build.0 = Debug|Any CPU
		{2944BA36-397E-4C47-9EDD-36985609FBD7}.Debug|x86.ActiveCfg = Debug|Any CPU
		{2944BA36-397E-4C47-9EDD-36985609FBD7}.Debug|x86.Build.0 = Debug|Any CPU
		{2944BA36-397E-4C47-9EDD-36985609FBD7}.Release|Any CPU.ActiveCfg = Release|Any CPU
		{2944BA36-397E-4C47-9EDD-36985609FBD7}.Release|Any CPU.Build.0 = Release|Any CPU
		{2944BA36-397E-4C47-9EDD-36985609FBD7}.Release|x64.ActiveCfg = Release|Any CPU
		{2944BA36-397E-4C47-9EDD-36985609FBD7}.Release|x64.Build.0 = Release|Any CPU
		{2944BA36-397E-4C47-9EDD-36985609FBD7}.Release|x86.ActiveCfg = Release|Any CPU
		{2944BA36-397E-4C47-9EDD-36985609FBD7}.Release|x86.Build.0 = Release|Any CPU
	EndGlobalSection
	GlobalSection(SolutionProperties) = preSolution
		HideSolutionNode = FALSE
	EndGlobalSection
	GlobalSection(NestedProjects) = preSolution
		{EC24DAF0-CCD6-4C7B-8ABC-86D4B2EEDDE5} = {F65AC017-411B-4122-A109-A04E1D44DA9E}
		{762048E9-4727-4AC3-83CD-92D34F8FF982} = {F65AC017-411B-4122-A109-A04E1D44DA9E}
		{3C0DE563-9D33-491E-8324-3999F07B3377} = {F65AC017-411B-4122-A109-A04E1D44DA9E}
		{FC4794A0-9C43-46BC-8F15-1C61512617FA} = {F65AC017-411B-4122-A109-A04E1D44DA9E}
		{75EF1A52-4B30-404F-A2A1-AFC63048499F} = {F65AC017-411B-4122-A109-A04E1D44DA9E}
		{CB92ED53-B6E5-464C-8C7E-AD687480A118} = {F65AC017-411B-4122-A109-A04E1D44DA9E}
		{6F473B06-C090-4388-8D43-4E9855046483} = {F65AC017-411B-4122-A109-A04E1D44DA9E}
		{0DDD3864-66F6-407E-8A31-A116C8BF489B} = {F65AC017-411B-4122-A109-A04E1D44DA9E}
		{3984A3A0-060A-453F-9072-3E32FF30F030} = {F65AC017-411B-4122-A109-A04E1D44DA9E}
		{E418A9DB-809F-4B14-A3B4-89BD4D94A92E} = {F65AC017-411B-4122-A109-A04E1D44DA9E}
		{D6FD2D02-5007-4C93-ADEC-A611D912F4B3} = {F65AC017-411B-4122-A109-A04E1D44DA9E}
		{1CBD4BEE-12C9-4818-BA8D-F128E4EDDC9E} = {F65AC017-411B-4122-A109-A04E1D44DA9E}
		{4736BD74-4F05-45CB-B055-A8C34A250138} = {F65AC017-411B-4122-A109-A04E1D44DA9E}
		{B36C8D8E-47B3-4BC5-8278-E0467F98FF82} = {F65AC017-411B-4122-A109-A04E1D44DA9E}
		{3111EF9D-FC31-40A8-ADB8-3ACD63978216} = {F65AC017-411B-4122-A109-A04E1D44DA9E}
		{D6B9798A-291C-4957-AEC0-E9F83D0CFE8C} = {F65AC017-411B-4122-A109-A04E1D44DA9E}
		{699A2A46-96A4-4460-A8D9-2D4EFC89B239} = {F65AC017-411B-4122-A109-A04E1D44DA9E}
		{D091DEF4-2D81-45CF-879E-79718DA66DF2} = {F65AC017-411B-4122-A109-A04E1D44DA9E}
		{0BA45E66-E83F-4861-88C3-DB32F5904E87} = {F65AC017-411B-4122-A109-A04E1D44DA9E}
		{830E0CF4-C322-448B-A33C-C41195F24A02} = {F65AC017-411B-4122-A109-A04E1D44DA9E}
		{4866980E-1C95-4A87-B26F-1E1DDBF3FE96} = {F65AC017-411B-4122-A109-A04E1D44DA9E}
		{E535DCEE-0AB0-4AAF-808E-43ED7BEC6C24} = {F65AC017-411B-4122-A109-A04E1D44DA9E}
		{291AFBA7-3795-49A5-BE7A-CB7C3B004CDF} = {F65AC017-411B-4122-A109-A04E1D44DA9E}
		{58C23139-E7C3-4A81-A69A-0F77C45A56A9} = {F65AC017-411B-4122-A109-A04E1D44DA9E}
		{52C45902-514A-47BF-AC0A-BD7FCED54C5E} = {F65AC017-411B-4122-A109-A04E1D44DA9E}
		{661A0ACF-926C-4700-8060-A5EE40FC3515} = {F65AC017-411B-4122-A109-A04E1D44DA9E}
		{AE9BBE87-9944-4EC1-8196-93241B0B4775} = {F65AC017-411B-4122-A109-A04E1D44DA9E}
		{F136233F-DD27-4F54-9035-98081AE699F9} = {F65AC017-411B-4122-A109-A04E1D44DA9E}
		{6A9FB99B-2454-498D-9C48-7D5F5071B1E6} = {F65AC017-411B-4122-A109-A04E1D44DA9E}
		{F9E0EB51-458F-4B63-9998-CA61BCFFABCB} = {F65AC017-411B-4122-A109-A04E1D44DA9E}
		{2F4D490B-256D-4731-B8BF-9817DD9937DA} = {F65AC017-411B-4122-A109-A04E1D44DA9E}
		{26BBF342-5A4D-4321-8023-7883ADEDE977} = {F65AC017-411B-4122-A109-A04E1D44DA9E}
		{5E44EF5E-9644-4447-AE47-1EFA8D42B693} = {F65AC017-411B-4122-A109-A04E1D44DA9E}
		{4EB67482-13F3-4F79-B234-F779C1EE0A93} = {F65AC017-411B-4122-A109-A04E1D44DA9E}
		{F9714FFA-B98D-4C50-94D8-540139652E0B} = {F65AC017-411B-4122-A109-A04E1D44DA9E}
		{0BFFF881-A4C0-4FED-B3AB-8BF40F9D9C4F} = {F65AC017-411B-4122-A109-A04E1D44DA9E}
		{7FCAE817-F607-420D-9B84-8936717D5698} = {F65AC017-411B-4122-A109-A04E1D44DA9E}
		{97BA0CCA-2E09-4473-B51F-87D82E62C1C3} = {F65AC017-411B-4122-A109-A04E1D44DA9E}
		{89D3DF3A-25C7-4179-ABCE-7089DD400E5D} = {F65AC017-411B-4122-A109-A04E1D44DA9E}
		{0F43387E-B056-430F-8020-118EF1F725C2} = {F65AC017-411B-4122-A109-A04E1D44DA9E}
		{2944BA36-397E-4C47-9EDD-36985609FBD7} = {F65AC017-411B-4122-A109-A04E1D44DA9E}
	EndGlobalSection
	GlobalSection(ExtensibilityGlobals) = postSolution
		SolutionGuid = {182196DE-2ABB-48B3-B0B2-A623691F9A40}
	EndGlobalSection
EndGlobal
